
Microsoft Visual Studio Solution File, Format Version 12.00
# Visual Studio Version 17
VisualStudioVersion = 17.12.35707.178 d17.12
MinimumVisualStudioVersion = 10.0.40219.1
Project("{FAE04EC0-301F-11D3-BF4B-00C04F79EFBC}") = "RockPaperScissors", "Rock Paper Scissors\RockPaperScissors.csproj", "{44684A75-AEE4-485F-B6E2-97306A8EDE5F}"
EndProject
Global
	GlobalSection(SolutionConfigurationPlatforms) = preSolution
		Debug|Any CPU = Debug|Any CPU
		Release|Any CPU = Release|Any CPU
	EndGlobalSection
	GlobalSection(ProjectConfigurationPlatforms) = postSolution
		{44684A75-AEE4-485F-B6E2-97306A8EDE5F}.Debug|Any CPU.ActiveCfg = Debug|Any CPU
		{44684A75-AEE4-485F-B6E2-97306A8EDE5F}.Debug|Any CPU.Build.0 = Debug|Any CPU
		{44684A75-AEE4-485F-B6E2-97306A8EDE5F}.Release|Any CPU.ActiveCfg = Release|Any CPU
		{44684A75-AEE4-485F-B6E2-97306A8EDE5F}.Release|Any CPU.Build.0 = Release|Any CPU
	EndGlobalSection
	GlobalSection(SolutionProperties) = preSolution
		HideSolutionNode = FALSE
	EndGlobalSection
EndGlobal
